[[package]]
name = "pythonping"
version = "1.1.1"
description = "A simple way to ping in Python"
category = "main"
optional = false
python-versions = "*"

[metadata]
lock-version = "1.1"
python-versions = "^3.10"
content-hash = "1efac3a2d858e510cb6fa9f8957c443e06df0522de8be0bd91dd90148d57ab25"

[metadata.files]
pythonping = [
    {file = "pythonping-1.1.1-py3-none-any.whl", hash = "sha256:132f0b81a6b6c18512c7136e29b5c0ae8b17bf59f5122cee57cceb2e122af4a1"},
    {file = "pythonping-1.1.1.tar.gz", hash = "sha256:0022f6cbe52762e9d596316e3bccb8a3b794355a49c0d788f7228d90f9461cfc"},
]
